
Microsoft Visual Studio Solution File, Format Version 12.00
# Visual Studio 15
VisualStudioVersion = 15.0.26621.2
MinimumVisualStudioVersion = 10.0.40219.1
Project("{9A19103F-16F7-4668-BE54-9A1E7A4F7556}") = "AuthorizedServer", "AuthorizedServer\AuthorizedServer.csproj", "{859C53B2-1FD0-4EB8-A67E-1952873BDA9E}"
EndProject
Project("{9A19103F-16F7-4668-BE54-9A1E7A4F7556}") = "ResourceServer", "ResourceServer\ResourceServer.csproj", "{F8301FB7-8BBB-43C1-9F85-76D265A04FC9}"
EndProject
Project("{FAE04EC0-301F-11D3-BF4B-00C04F79EFBC}") = "APITest", "APITest\APITest.csproj", "{7D6CC160-A82C-4BA6-97BC-F51EF6041A61}"
EndProject
Global
	GlobalSection(SolutionConfigurationPlatforms) = preSolution
		Debug|Any CPU = Debug|Any CPU
		Release|Any CPU = Release|Any CPU
	EndGlobalSection
	GlobalSection(ProjectConfigurationPlatforms) = postSolution
		{859C53B2-1FD0-4EB8-A67E-1952873BDA9E}.Debug|Any CPU.ActiveCfg = Debug|Any CPU
		{859C53B2-1FD0-4EB8-A67E-1952873BDA9E}.Debug|Any CPU.Build.0 = Debug|Any CPU
		{859C53B2-1FD0-4EB8-A67E-1952873BDA9E}.Release|Any CPU.ActiveCfg = Release|Any CPU
		{859C53B2-1FD0-4EB8-A67E-1952873BDA9E}.Release|Any CPU.Build.0 = Release|Any CPU
		{F8301FB7-8BBB-43C1-9F85-76D265A04FC9}.Debug|Any CPU.ActiveCfg = Debug|Any CPU
		{F8301FB7-8BBB-43C1-9F85-76D265A04FC9}.Debug|Any CPU.Build.0 = Debug|Any CPU
		{F8301FB7-8BBB-43C1-9F85-76D265A04FC9}.Release|Any CPU.ActiveCfg = Release|Any CPU
		{F8301FB7-8BBB-43C1-9F85-76D265A04FC9}.Release|Any CPU.Build.0 = Release|Any CPU
		{7D6CC160-A82C-4BA6-97BC-F51EF6041A61}.Debug|Any CPU.ActiveCfg = Debug|Any CPU
		{7D6CC160-A82C-4BA6-97BC-F51EF6041A61}.Debug|Any CPU.Build.0 = Debug|Any CPU
		{7D6CC160-A82C-4BA6-97BC-F51EF6041A61}.Release|Any CPU.ActiveCfg = Release|Any CPU
		{7D6CC160-A82C-4BA6-97BC-F51EF6041A61}.Release|Any CPU.Build.0 = Release|Any CPU
	EndGlobalSection
	GlobalSection(SolutionProperties) = preSolution
		HideSolutionNode = FALSE
	EndGlobalSection
	GlobalSection(ExtensibilityGlobals) = postSolution
		SolutionGuid = {BC0007F3-7030-43A1-A26C-B62762626A56}
	EndGlobalSection
EndGlobal
