
Microsoft Visual Studio Solution File, Format Version 12.00
# Visual Studio 2012
Project("{FAE04EC0-301F-11D3-BF4B-00C04F79EFBC}") = "RedisLockDemo", "RedisLockDemo\RedisLockDemo.csproj", "{773C4B64-7D51-411F-9F54-F587FD335227}"
EndProject
Global
	GlobalSection(SolutionConfigurationPlatforms) = preSolution
		Debug|Any CPU = Debug|Any CPU
		Release|Any CPU = Release|Any CPU
	EndGlobalSection
	GlobalSection(ProjectConfigurationPlatforms) = postSolution
		{773C4B64-7D51-411F-9F54-F587FD335227}.Debug|Any CPU.ActiveCfg = Debug|Any CPU
		{773C4B64-7D51-411F-9F54-F587FD335227}.Debug|Any CPU.Build.0 = Debug|Any CPU
		{773C4B64-7D51-411F-9F54-F587FD335227}.Release|Any CPU.ActiveCfg = Release|Any CPU
		{773C4B64-7D51-411F-9F54-F587FD335227}.Release|Any CPU.Build.0 = Release|Any CPU
	EndGlobalSection
EndGlobal
