
Microsoft Visual Studio Solution File, Format Version 12.00
# Visual Studio 15
VisualStudioVersion = 15.0.27004.2010
MinimumVisualStudioVersion = 10.0.40219.1
Project("{9A19103F-16F7-4668-BE54-9A1E7A4F7556}") = "CachingSerializer", "CachingSerializer\CachingSerializer.csproj", "{B8E56F29-C90A-48AE-BBC8-34C8B05D8095}"
EndProject
Global
	GlobalSection(SolutionConfigurationPlatforms) = preSolution
		Debug|Any CPU = Debug|Any CPU
		Release|Any CPU = Release|Any CPU
	EndGlobalSection
	GlobalSection(ProjectConfigurationPlatforms) = postSolution
		{B8E56F29-C90A-48AE-BBC8-34C8B05D8095}.Debug|Any CPU.ActiveCfg = Debug|Any CPU
		{B8E56F29-C90A-48AE-BBC8-34C8B05D8095}.Debug|Any CPU.Build.0 = Debug|Any CPU
		{B8E56F29-C90A-48AE-BBC8-34C8B05D8095}.Release|Any CPU.ActiveCfg = Release|Any CPU
		{B8E56F29-C90A-48AE-BBC8-34C8B05D8095}.Release|Any CPU.Build.0 = Release|Any CPU
	EndGlobalSection
	GlobalSection(SolutionProperties) = preSolution
		HideSolutionNode = FALSE
	EndGlobalSection
	GlobalSection(ExtensibilityGlobals) = postSolution
		SolutionGuid = {A44B7951-C84A-4FFF-B147-165220D35D46}
	EndGlobalSection
EndGlobal
