
Microsoft Visual Studio Solution File, Format Version 12.00
# Visual Studio 15
VisualStudioVersion = 15.0.26730.16
MinimumVisualStudioVersion = 10.0.40219.1
Project("{FAE04EC0-301F-11D3-BF4B-00C04F79EFBC}") = "MonoDemo", "MonoDemo\MonoDemo.csproj", "{7299AB33-78D5-40B6-9428-A68C12D8D65D}"
EndProject
Global
	GlobalSection(SolutionConfigurationPlatforms) = preSolution
		Debug|Any CPU = Debug|Any CPU
		Release|Any CPU = Release|Any CPU
	EndGlobalSection
	GlobalSection(ProjectConfigurationPlatforms) = postSolution
		{7299AB33-78D5-40B6-9428-A68C12D8D65D}.Debug|Any CPU.ActiveCfg = Debug|Any CPU
		{7299AB33-78D5-40B6-9428-A68C12D8D65D}.Debug|Any CPU.Build.0 = Debug|Any CPU
		{7299AB33-78D5-40B6-9428-A68C12D8D65D}.Release|Any CPU.ActiveCfg = Release|Any CPU
		{7299AB33-78D5-40B6-9428-A68C12D8D65D}.Release|Any CPU.Build.0 = Release|Any CPU
	EndGlobalSection
	GlobalSection(SolutionProperties) = preSolution
		HideSolutionNode = FALSE
	EndGlobalSection
	GlobalSection(ExtensibilityGlobals) = postSolution
		SolutionGuid = {014BDE18-5996-4182-BE98-FC1E3DDBBB67}
	EndGlobalSection
EndGlobal
