
Microsoft Visual Studio Solution File, Format Version 12.00
# Visual Studio 2012
Project("{FAE04EC0-301F-11D3-BF4B-00C04F79EFBC}") = "ResponseCachingDemo", "ResponseCachingDemo\ResponseCachingDemo.csproj", "{B8B51C40-2B01-4946-B34F-C8773823273E}"
EndProject
Global
	GlobalSection(SolutionConfigurationPlatforms) = preSolution
		Debug|Any CPU = Debug|Any CPU
		Release|Any CPU = Release|Any CPU
	EndGlobalSection
	GlobalSection(ProjectConfigurationPlatforms) = postSolution
		{B8B51C40-2B01-4946-B34F-C8773823273E}.Debug|Any CPU.ActiveCfg = Debug|Any CPU
		{B8B51C40-2B01-4946-B34F-C8773823273E}.Debug|Any CPU.Build.0 = Debug|Any CPU
		{B8B51C40-2B01-4946-B34F-C8773823273E}.Release|Any CPU.ActiveCfg = Release|Any CPU
		{B8B51C40-2B01-4946-B34F-C8773823273E}.Release|Any CPU.Build.0 = Release|Any CPU
	EndGlobalSection
EndGlobal
