
Microsoft Visual Studio Solution File, Format Version 12.00
# Visual Studio 15
VisualStudioVersion = 15.0.27703.2035
MinimumVisualStudioVersion = 10.0.40219.1
Project("{FAE04EC0-301F-11D3-BF4B-00C04F79EFBC}") = "BasicEpplusDemo", "BasicEpplusDemo\BasicEpplusDemo.csproj", "{81CEC48B-4CE7-4F28-9EC7-AB943924A08F}"
EndProject
Global
	GlobalSection(SolutionConfigurationPlatforms) = preSolution
		Debug|Any CPU = Debug|Any CPU
		Release|Any CPU = Release|Any CPU
	EndGlobalSection
	GlobalSection(ProjectConfigurationPlatforms) = postSolution
		{81CEC48B-4CE7-4F28-9EC7-AB943924A08F}.Debug|Any CPU.ActiveCfg = Debug|Any CPU
		{81CEC48B-4CE7-4F28-9EC7-AB943924A08F}.Debug|Any CPU.Build.0 = Debug|Any CPU
		{81CEC48B-4CE7-4F28-9EC7-AB943924A08F}.Release|Any CPU.ActiveCfg = Release|Any CPU
		{81CEC48B-4CE7-4F28-9EC7-AB943924A08F}.Release|Any CPU.Build.0 = Release|Any CPU
	EndGlobalSection
	GlobalSection(SolutionProperties) = preSolution
		HideSolutionNode = FALSE
	EndGlobalSection
	GlobalSection(ExtensibilityGlobals) = postSolution
		SolutionGuid = {886C6EAC-8C53-4F92-B514-1C5114608371}
	EndGlobalSection
EndGlobal
