
Microsoft Visual Studio Solution File, Format Version 12.00
# Visual Studio 2012
Project("{FAE04EC0-301F-11D3-BF4B-00C04F79EFBC}") = "ObjectPoolDemo", "ObjectPoolDemo.csproj", "{DC45870E-B089-4856-923C-F407FB60A98A}"
EndProject
Global
	GlobalSection(SolutionConfigurationPlatforms) = preSolution
		Debug|Any CPU = Debug|Any CPU
		Release|Any CPU = Release|Any CPU
	EndGlobalSection
	GlobalSection(ProjectConfigurationPlatforms) = postSolution
		{DC45870E-B089-4856-923C-F407FB60A98A}.Debug|Any CPU.ActiveCfg = Debug|Any CPU
		{DC45870E-B089-4856-923C-F407FB60A98A}.Debug|Any CPU.Build.0 = Debug|Any CPU
		{DC45870E-B089-4856-923C-F407FB60A98A}.Release|Any CPU.ActiveCfg = Release|Any CPU
		{DC45870E-B089-4856-923C-F407FB60A98A}.Release|Any CPU.Build.0 = Release|Any CPU
	EndGlobalSection
EndGlobal
