
Microsoft Visual Studio Solution File, Format Version 12.00
# Visual Studio 2012
Project("{FAE04EC0-301F-11D3-BF4B-00C04F79EFBC}") = "CachingWithCastle", "CachingWithCastle\CachingWithCastle.csproj", "{2A037C5A-E69E-430E-8753-2D40FA12CBB3}"
EndProject
Project("{FAE04EC0-301F-11D3-BF4B-00C04F79EFBC}") = "CachingWithAspectCore", "CachingWithAspectCore\CachingWithAspectCore.csproj", "{CCE8C883-3505-43C3-A196-1428DB73ADBB}"
EndProject
Global
	GlobalSection(SolutionConfigurationPlatforms) = preSolution
		Debug|Any CPU = Debug|Any CPU
		Release|Any CPU = Release|Any CPU
	EndGlobalSection
	GlobalSection(ProjectConfigurationPlatforms) = postSolution
		{2A037C5A-E69E-430E-8753-2D40FA12CBB3}.Debug|Any CPU.ActiveCfg = Debug|Any CPU
		{2A037C5A-E69E-430E-8753-2D40FA12CBB3}.Debug|Any CPU.Build.0 = Debug|Any CPU
		{2A037C5A-E69E-430E-8753-2D40FA12CBB3}.Release|Any CPU.ActiveCfg = Release|Any CPU
		{2A037C5A-E69E-430E-8753-2D40FA12CBB3}.Release|Any CPU.Build.0 = Release|Any CPU
		{CCE8C883-3505-43C3-A196-1428DB73ADBB}.Debug|Any CPU.ActiveCfg = Debug|Any CPU
		{CCE8C883-3505-43C3-A196-1428DB73ADBB}.Debug|Any CPU.Build.0 = Debug|Any CPU
		{CCE8C883-3505-43C3-A196-1428DB73ADBB}.Release|Any CPU.ActiveCfg = Release|Any CPU
		{CCE8C883-3505-43C3-A196-1428DB73ADBB}.Release|Any CPU.Build.0 = Release|Any CPU
	EndGlobalSection
EndGlobal
