
Microsoft Visual Studio Solution File, Format Version 12.00
# Visual Studio 15
VisualStudioVersion = 15.0.27703.2035
MinimumVisualStudioVersion = 10.0.40219.1
Project("{FAE04EC0-301F-11D3-BF4B-00C04F79EFBC}") = "DirectConsulApiDemo", "DirectConsulApiDemo\DirectConsulApiDemo.csproj", "{C5B7F74F-44BF-41B0-B82F-D959F25236A8}"
EndProject
Project("{FAE04EC0-301F-11D3-BF4B-00C04F79EFBC}") = "OriginalAndConsulTemplateDemo", "OriginalAndConsulTemplateDemo\OriginalAndConsulTemplateDemo.csproj", "{3D421ABC-5FF5-45E0-B273-ECA982A20FFD}"
EndProject
Project("{FAE04EC0-301F-11D3-BF4B-00C04F79EFBC}") = "WintonExtConsulDemo", "WintonExtConsulDemo\WintonExtConsulDemo.csproj", "{B33169C3-9EA1-4741-81A0-1C1149B985AA}"
EndProject
Global
	GlobalSection(SolutionConfigurationPlatforms) = preSolution
		Debug|Any CPU = Debug|Any CPU
		Release|Any CPU = Release|Any CPU
	EndGlobalSection
	GlobalSection(ProjectConfigurationPlatforms) = postSolution
		{C5B7F74F-44BF-41B0-B82F-D959F25236A8}.Debug|Any CPU.ActiveCfg = Debug|Any CPU
		{C5B7F74F-44BF-41B0-B82F-D959F25236A8}.Debug|Any CPU.Build.0 = Debug|Any CPU
		{C5B7F74F-44BF-41B0-B82F-D959F25236A8}.Release|Any CPU.ActiveCfg = Release|Any CPU
		{C5B7F74F-44BF-41B0-B82F-D959F25236A8}.Release|Any CPU.Build.0 = Release|Any CPU
		{3D421ABC-5FF5-45E0-B273-ECA982A20FFD}.Debug|Any CPU.ActiveCfg = Debug|Any CPU
		{3D421ABC-5FF5-45E0-B273-ECA982A20FFD}.Debug|Any CPU.Build.0 = Debug|Any CPU
		{3D421ABC-5FF5-45E0-B273-ECA982A20FFD}.Release|Any CPU.ActiveCfg = Release|Any CPU
		{3D421ABC-5FF5-45E0-B273-ECA982A20FFD}.Release|Any CPU.Build.0 = Release|Any CPU
		{B33169C3-9EA1-4741-81A0-1C1149B985AA}.Debug|Any CPU.ActiveCfg = Debug|Any CPU
		{B33169C3-9EA1-4741-81A0-1C1149B985AA}.Debug|Any CPU.Build.0 = Debug|Any CPU
		{B33169C3-9EA1-4741-81A0-1C1149B985AA}.Release|Any CPU.ActiveCfg = Release|Any CPU
		{B33169C3-9EA1-4741-81A0-1C1149B985AA}.Release|Any CPU.Build.0 = Release|Any CPU
	EndGlobalSection
	GlobalSection(SolutionProperties) = preSolution
		HideSolutionNode = FALSE
	EndGlobalSection
	GlobalSection(ExtensibilityGlobals) = postSolution
		SolutionGuid = {34C7BA94-C99B-4362-8BB5-AC7620AB87F6}
	EndGlobalSection
EndGlobal
