
Microsoft Visual Studio Solution File, Format Version 12.00
# Visual Studio 15
Project("{2150E333-8FDC-42A3-9474-1A3956D46DE8}") = "src", "src", "{43AFDE4D-239E-4E23-8C0F-4F4D0823E17A}"
EndProject
Project("{2150E333-8FDC-42A3-9474-1A3956D46DE8}") = "test", "test", "{3162F3CD-EA0F-4BF0-A555-0810E2D355C4}"
EndProject
Project("{FAE04EC0-301F-11D3-BF4B-00C04F79EFBC}") = "TplDemo", "src\TplDemo\TplDemo.csproj", "{A6730EDD-DD89-4BC6-93FF-973070F730FC}"
EndProject
Project("{FAE04EC0-301F-11D3-BF4B-00C04F79EFBC}") = "TplDemo.Core", "src\TplDemo.Core\TplDemo.Core.csproj", "{3FC6D398-79DF-4B69-B5C6-69FA76524954}"
EndProject
Project("{FAE04EC0-301F-11D3-BF4B-00C04F79EFBC}") = "TplDemo.Data", "src\TplDemo.Data\TplDemo.Data.csproj", "{C2E1B85F-F603-425E-A9A3-FCE78BACCACE}"
EndProject
Project("{FAE04EC0-301F-11D3-BF4B-00C04F79EFBC}") = "TplDemo.Services", "src\TplDemo.Services\TplDemo.Services.csproj", "{A2E70395-6953-4D04-B061-1398C6285B61}"
EndProject
Project("{FAE04EC0-301F-11D3-BF4B-00C04F79EFBC}") = "TplDemo.Core.Tests", "test\TplDemo.Core.Tests\TplDemo.Core.Tests.csproj", "{2488C3D0-9C4B-49DC-B5BF-72AF4B7255D7}"
EndProject
Project("{FAE04EC0-301F-11D3-BF4B-00C04F79EFBC}") = "TplDemo.Services.Tests", "test\TplDemo.Services.Tests\TplDemo.Services.Tests.csproj", "{61C799D3-1759-4911-B829-6812E04D8EA3}"
EndProject
Global
	GlobalSection(SolutionConfigurationPlatforms) = preSolution
		Debug|Any CPU = Debug|Any CPU
		Release|Any CPU = Release|Any CPU
	EndGlobalSection
	GlobalSection(ProjectConfigurationPlatforms) = postSolution
		{A6730EDD-DD89-4BC6-93FF-973070F730FC}.Debug|Any CPU.ActiveCfg = Debug|Any CPU
		{A6730EDD-DD89-4BC6-93FF-973070F730FC}.Debug|Any CPU.Build.0 = Debug|Any CPU
		{A6730EDD-DD89-4BC6-93FF-973070F730FC}.Release|Any CPU.ActiveCfg = Release|Any CPU
		{A6730EDD-DD89-4BC6-93FF-973070F730FC}.Release|Any CPU.Build.0 = Release|Any CPU
		{3FC6D398-79DF-4B69-B5C6-69FA76524954}.Debug|Any CPU.ActiveCfg = Debug|Any CPU
		{3FC6D398-79DF-4B69-B5C6-69FA76524954}.Debug|Any CPU.Build.0 = Debug|Any CPU
		{3FC6D398-79DF-4B69-B5C6-69FA76524954}.Release|Any CPU.ActiveCfg = Release|Any CPU
		{3FC6D398-79DF-4B69-B5C6-69FA76524954}.Release|Any CPU.Build.0 = Release|Any CPU
		{C2E1B85F-F603-425E-A9A3-FCE78BACCACE}.Debug|Any CPU.ActiveCfg = Debug|Any CPU
		{C2E1B85F-F603-425E-A9A3-FCE78BACCACE}.Debug|Any CPU.Build.0 = Debug|Any CPU
		{C2E1B85F-F603-425E-A9A3-FCE78BACCACE}.Release|Any CPU.ActiveCfg = Release|Any CPU
		{C2E1B85F-F603-425E-A9A3-FCE78BACCACE}.Release|Any CPU.Build.0 = Release|Any CPU
		{A2E70395-6953-4D04-B061-1398C6285B61}.Debug|Any CPU.ActiveCfg = Debug|Any CPU
		{A2E70395-6953-4D04-B061-1398C6285B61}.Debug|Any CPU.Build.0 = Debug|Any CPU
		{A2E70395-6953-4D04-B061-1398C6285B61}.Release|Any CPU.ActiveCfg = Release|Any CPU
		{A2E70395-6953-4D04-B061-1398C6285B61}.Release|Any CPU.Build.0 = Release|Any CPU
		{2488C3D0-9C4B-49DC-B5BF-72AF4B7255D7}.Debug|Any CPU.ActiveCfg = Debug|Any CPU
		{2488C3D0-9C4B-49DC-B5BF-72AF4B7255D7}.Debug|Any CPU.Build.0 = Debug|Any CPU
		{2488C3D0-9C4B-49DC-B5BF-72AF4B7255D7}.Release|Any CPU.ActiveCfg = Release|Any CPU
		{2488C3D0-9C4B-49DC-B5BF-72AF4B7255D7}.Release|Any CPU.Build.0 = Release|Any CPU
		{61C799D3-1759-4911-B829-6812E04D8EA3}.Debug|Any CPU.ActiveCfg = Debug|Any CPU
		{61C799D3-1759-4911-B829-6812E04D8EA3}.Debug|Any CPU.Build.0 = Debug|Any CPU
		{61C799D3-1759-4911-B829-6812E04D8EA3}.Release|Any CPU.ActiveCfg = Release|Any CPU
		{61C799D3-1759-4911-B829-6812E04D8EA3}.Release|Any CPU.Build.0 = Release|Any CPU		
	EndGlobalSection
	GlobalSection(NestedProjects) = preSolution
		{A6730EDD-DD89-4BC6-93FF-973070F730FC} = {43AFDE4D-239E-4E23-8C0F-4F4D0823E17A}
		{3FC6D398-79DF-4B69-B5C6-69FA76524954} = {43AFDE4D-239E-4E23-8C0F-4F4D0823E17A}
		{C2E1B85F-F603-425E-A9A3-FCE78BACCACE} = {43AFDE4D-239E-4E23-8C0F-4F4D0823E17A}
		{A2E70395-6953-4D04-B061-1398C6285B61} = {43AFDE4D-239E-4E23-8C0F-4F4D0823E17A}
		{2488C3D0-9C4B-49DC-B5BF-72AF4B7255D7} = {3162F3CD-EA0F-4BF0-A555-0810E2D355C4}
		{61C799D3-1759-4911-B829-6812E04D8EA3} = {3162F3CD-EA0F-4BF0-A555-0810E2D355C4}		
	EndGlobalSection
EndGlobal
