
Microsoft Visual Studio Solution File, Format Version 12.00
# Visual Studio 14
VisualStudioVersion = 14.0.25420.1
MinimumVisualStudioVersion = 10.0.40219.1
Project("{2150E333-8FDC-42A3-9474-1A3956D46DE8}") = "Server", "Server", "{E990CE35-9730-4762-A705-8B1A7498C1A1}"
EndProject
Project("{8BB2217D-0F2D-49D1-97BC-3654ED321F3B}") = "AuthorizedServer", "AuthorizedServer\AuthorizedServer.xproj", "{EE49A660-FF60-4D22-A62A-10CD8F46DE1F}"
EndProject
Project("{2150E333-8FDC-42A3-9474-1A3956D46DE8}") = "Api", "Api", "{A4854B7A-579D-49BE-A9E7-29AB951E66A0}"
EndProject
Project("{2150E333-8FDC-42A3-9474-1A3956D46DE8}") = "Test", "Test", "{6E01F3EE-D7C0-4D0C-8F2E-26B597B457B1}"
EndProject
Project("{2150E333-8FDC-42A3-9474-1A3956D46DE8}") = "Common", "Common", "{E88D3DF7-FE2A-4720-AFB7-FFBBCCBE8180}"
EndProject
Project("{8BB2217D-0F2D-49D1-97BC-3654ED321F3B}") = "JWT.Common", "JWT.Common\JWT.Common.xproj", "{E507E262-26BB-4CED-A3E2-6E1640078B91}"
EndProject
Project("{8BB2217D-0F2D-49D1-97BC-3654ED321F3B}") = "ServerTest", "ServerTest\ServerTest.xproj", "{8E387184-F30E-4284-9519-CF3E9C75CF62}"
EndProject
Project("{8BB2217D-0F2D-49D1-97BC-3654ED321F3B}") = "WebAPI", "WebAPI\WebAPI.xproj", "{FA5E2133-0718-4EF5-946F-CAA63A654EBA}"
EndProject
Project("{8BB2217D-0F2D-49D1-97BC-3654ED321F3B}") = "APITest", "APITest\APITest.xproj", "{87FC770B-BED2-49E8-8980-51864F6AEC58}"
EndProject
Global
	GlobalSection(SolutionConfigurationPlatforms) = preSolution
		Debug|Any CPU = Debug|Any CPU
		Release|Any CPU = Release|Any CPU
	EndGlobalSection
	GlobalSection(ProjectConfigurationPlatforms) = postSolution
		{EE49A660-FF60-4D22-A62A-10CD8F46DE1F}.Debug|Any CPU.ActiveCfg = Debug|Any CPU
		{EE49A660-FF60-4D22-A62A-10CD8F46DE1F}.Debug|Any CPU.Build.0 = Debug|Any CPU
		{EE49A660-FF60-4D22-A62A-10CD8F46DE1F}.Release|Any CPU.ActiveCfg = Release|Any CPU
		{EE49A660-FF60-4D22-A62A-10CD8F46DE1F}.Release|Any CPU.Build.0 = Release|Any CPU
		{E507E262-26BB-4CED-A3E2-6E1640078B91}.Debug|Any CPU.ActiveCfg = Debug|Any CPU
		{E507E262-26BB-4CED-A3E2-6E1640078B91}.Debug|Any CPU.Build.0 = Debug|Any CPU
		{E507E262-26BB-4CED-A3E2-6E1640078B91}.Release|Any CPU.ActiveCfg = Release|Any CPU
		{E507E262-26BB-4CED-A3E2-6E1640078B91}.Release|Any CPU.Build.0 = Release|Any CPU
		{8E387184-F30E-4284-9519-CF3E9C75CF62}.Debug|Any CPU.ActiveCfg = Debug|Any CPU
		{8E387184-F30E-4284-9519-CF3E9C75CF62}.Debug|Any CPU.Build.0 = Debug|Any CPU
		{8E387184-F30E-4284-9519-CF3E9C75CF62}.Release|Any CPU.ActiveCfg = Release|Any CPU
		{8E387184-F30E-4284-9519-CF3E9C75CF62}.Release|Any CPU.Build.0 = Release|Any CPU
		{FA5E2133-0718-4EF5-946F-CAA63A654EBA}.Debug|Any CPU.ActiveCfg = Debug|Any CPU
		{FA5E2133-0718-4EF5-946F-CAA63A654EBA}.Debug|Any CPU.Build.0 = Debug|Any CPU
		{FA5E2133-0718-4EF5-946F-CAA63A654EBA}.Release|Any CPU.ActiveCfg = Release|Any CPU
		{FA5E2133-0718-4EF5-946F-CAA63A654EBA}.Release|Any CPU.Build.0 = Release|Any CPU
		{87FC770B-BED2-49E8-8980-51864F6AEC58}.Debug|Any CPU.ActiveCfg = Debug|Any CPU
		{87FC770B-BED2-49E8-8980-51864F6AEC58}.Debug|Any CPU.Build.0 = Debug|Any CPU
		{87FC770B-BED2-49E8-8980-51864F6AEC58}.Release|Any CPU.ActiveCfg = Release|Any CPU
		{87FC770B-BED2-49E8-8980-51864F6AEC58}.Release|Any CPU.Build.0 = Release|Any CPU
	EndGlobalSection
	GlobalSection(SolutionProperties) = preSolution
		HideSolutionNode = FALSE
	EndGlobalSection
	GlobalSection(NestedProjects) = preSolution
		{EE49A660-FF60-4D22-A62A-10CD8F46DE1F} = {E990CE35-9730-4762-A705-8B1A7498C1A1}
		{E507E262-26BB-4CED-A3E2-6E1640078B91} = {E88D3DF7-FE2A-4720-AFB7-FFBBCCBE8180}
		{8E387184-F30E-4284-9519-CF3E9C75CF62} = {6E01F3EE-D7C0-4D0C-8F2E-26B597B457B1}
		{FA5E2133-0718-4EF5-946F-CAA63A654EBA} = {A4854B7A-579D-49BE-A9E7-29AB951E66A0}
		{87FC770B-BED2-49E8-8980-51864F6AEC58} = {6E01F3EE-D7C0-4D0C-8F2E-26B597B457B1}
	EndGlobalSection
EndGlobal
